
Microsoft Visual Studio Solution File, Format Version 12.00
# Visual Studio 14
VisualStudioVersion = 14.0.25420.1
MinimumVisualStudioVersion = 10.0.40219.1
Project("{FAE04EC0-301F-11D3-BF4B-00C04F79EFBC}") = "TestPreviewer", "TestPreviewer\TestPreviewer\TestPreviewer.csproj", "{06B21686-DE33-4592-ADE7-D45A49ACB2B5}"
EndProject
Project("{FAE04EC0-301F-11D3-BF4B-00C04F79EFBC}") = "TestPreviewer.Droid", "TestPreviewer\TestPreviewer.Droid\TestPreviewer.Droid.csproj", "{6F4519B4-702D-4CAE-8344-B6C1292C13EF}"
EndProject
Project("{FAE04EC0-301F-11D3-BF4B-00C04F79EFBC}") = "TestPreviewer.iOS", "TestPreviewer\TestPreviewer.iOS\TestPreviewer.iOS.csproj", "{C90D6278-EFD8-45AA-9080-35C0A6390C9B}"
EndProject
Project("{FAE04EC0-301F-11D3-BF4B-00C04F79EFBC}") = "TestPreviewer.UWP", "TestPreviewer\TestPreviewer.UWP\TestPreviewer.UWP.csproj", "{CD95AF6A-83D3-4BDE-BA44-7CA76357359F}"
EndProject
Global
	GlobalSection(SolutionConfigurationPlatforms) = preSolution
		Ad-Hoc|Any CPU = Ad-Hoc|Any CPU
		Ad-Hoc|ARM = Ad-Hoc|ARM
		Ad-Hoc|iPhone = Ad-Hoc|iPhone
		Ad-Hoc|iPhoneSimulator = Ad-Hoc|iPhoneSimulator
		Ad-Hoc|x64 = Ad-Hoc|x64
		Ad-Hoc|x86 = Ad-Hoc|x86
		AppStore|Any CPU = AppStore|Any CPU
		AppStore|ARM = AppStore|ARM
		AppStore|iPhone = AppStore|iPhone
		AppStore|iPhoneSimulator = AppStore|iPhoneSimulator
		AppStore|x64 = AppStore|x64
		AppStore|x86 = AppStore|x86
		Debug|Any CPU = Debug|Any CPU
		Debug|ARM = Debug|ARM
		Debug|iPhone = Debug|iPhone
		Debug|iPhoneSimulator = Debug|iPhoneSimulator
		Debug|x64 = Debug|x64
		Debug|x86 = Debug|x86
		Droid Debug|Any CPU = Droid Debug|Any CPU
		Droid Debug|ARM = Droid Debug|ARM
		Droid Debug|iPhone = Droid Debug|iPhone
		Droid Debug|iPhoneSimulator = Droid Debug|iPhoneSimulator
		Droid Debug|x64 = Droid Debug|x64
		Droid Debug|x86 = Droid Debug|x86
		Release|Any CPU = Release|Any CPU
		Release|ARM = Release|ARM
		Release|iPhone = Release|iPhone
		Release|iPhoneSimulator = Release|iPhoneSimulator
		Release|x64 = Release|x64
		Release|x86 = Release|x86
		UWP Debug|Any CPU = UWP Debug|Any CPU
		UWP Debug|ARM = UWP Debug|ARM
		UWP Debug|iPhone = UWP Debug|iPhone
		UWP Debug|iPhoneSimulator = UWP Debug|iPhoneSimulator
		UWP Debug|x64 = UWP Debug|x64
		UWP Debug|x86 = UWP Debug|x86
	EndGlobalSection
	GlobalSection(ProjectConfigurationPlatforms) = postSolution
		{06B21686-DE33-4592-ADE7-D45A49ACB2B5}.Ad-Hoc|Any CPU.ActiveCfg = Release|Any CPU
		{06B21686-DE33-4592-ADE7-D45A49ACB2B5}.Ad-Hoc|Any CPU.Build.0 = Release|Any CPU
		{06B21686-DE33-4592-ADE7-D45A49ACB2B5}.Ad-Hoc|ARM.ActiveCfg = Release|Any CPU
		{06B21686-DE33-4592-ADE7-D45A49ACB2B5}.Ad-Hoc|ARM.Build.0 = Release|Any CPU
		{06B21686-DE33-4592-ADE7-D45A49ACB2B5}.Ad-Hoc|iPhone.ActiveCfg = Release|Any CPU
		{06B21686-DE33-4592-ADE7-D45A49ACB2B5}.Ad-Hoc|iPhone.Build.0 = Release|Any CPU
		{06B21686-DE33-4592-ADE7-D45A49ACB2B5}.Ad-Hoc|iPhoneSimulator.ActiveCfg = Release|Any CPU
		{06B21686-DE33-4592-ADE7-D45A49ACB2B5}.Ad-Hoc|iPhoneSimulator.Build.0 = Release|Any CPU
		{06B21686-DE33-4592-ADE7-D45A49ACB2B5}.Ad-Hoc|x64.ActiveCfg = Release|Any CPU
		{06B21686-DE33-4592-ADE7-D45A49ACB2B5}.Ad-Hoc|x64.Build.0 = Release|Any CPU
		{06B21686-DE33-4592-ADE7-D45A49ACB2B5}.Ad-Hoc|x86.ActiveCfg = Release|Any CPU
		{06B21686-DE33-4592-ADE7-D45A49ACB2B5}.Ad-Hoc|x86.Build.0 = Release|Any CPU
		{06B21686-DE33-4592-ADE7-D45A49ACB2B5}.AppStore|Any CPU.ActiveCfg = Release|Any CPU
		{06B21686-DE33-4592-ADE7-D45A49ACB2B5}.AppStore|Any CPU.Build.0 = Release|Any CPU
		{06B21686-DE33-4592-ADE7-D45A49ACB2B5}.AppStore|ARM.ActiveCfg = Release|Any CPU
		{06B21686-DE33-4592-ADE7-D45A49ACB2B5}.AppStore|ARM.Build.0 = Release|Any CPU
		{06B21686-DE33-4592-ADE7-D45A49ACB2B5}.AppStore|iPhone.ActiveCfg = Release|Any CPU
		{06B21686-DE33-4592-ADE7-D45A49ACB2B5}.AppStore|iPhone.Build.0 = Release|Any CPU
		{06B21686-DE33-4592-ADE7-D45A49ACB2B5}.AppStore|iPhoneSimulator.ActiveCfg = Release|Any CPU
		{06B21686-DE33-4592-ADE7-D45A49ACB2B5}.AppStore|iPhoneSimulator.Build.0 = Release|Any CPU
		{06B21686-DE33-4592-ADE7-D45A49ACB2B5}.AppStore|x64.ActiveCfg = Release|Any CPU
		{06B21686-DE33-4592-ADE7-D45A49ACB2B5}.AppStore|x64.Build.0 = Release|Any CPU
		{06B21686-DE33-4592-ADE7-D45A49ACB2B5}.AppStore|x86.ActiveCfg = Release|Any CPU
		{06B21686-DE33-4592-ADE7-D45A49ACB2B5}.AppStore|x86.Build.0 = Release|Any CPU
		{06B21686-DE33-4592-ADE7-D45A49ACB2B5}.Debug|Any CPU.ActiveCfg = Debug|Any CPU
		{06B21686-DE33-4592-ADE7-D45A49ACB2B5}.Debug|Any CPU.Build.0 = Debug|Any CPU
		{06B21686-DE33-4592-ADE7-D45A49ACB2B5}.Debug|ARM.ActiveCfg = Debug|Any CPU
		{06B21686-DE33-4592-ADE7-D45A49ACB2B5}.Debug|ARM.Build.0 = Debug|Any CPU
		{06B21686-DE33-4592-ADE7-D45A49ACB2B5}.Debug|iPhone.ActiveCfg = Debug|Any CPU
		{06B21686-DE33-4592-ADE7-D45A49ACB2B5}.Debug|iPhone.Build.0 = Debug|Any CPU
		{06B21686-DE33-4592-ADE7-D45A49ACB2B5}.Debug|iPhoneSimulator.ActiveCfg = Debug|Any CPU
		{06B21686-DE33-4592-ADE7-D45A49ACB2B5}.Debug|iPhoneSimulator.Build.0 = Debug|Any CPU
		{06B21686-DE33-4592-ADE7-D45A49ACB2B5}.Debug|x64.ActiveCfg = Debug|Any CPU
		{06B21686-DE33-4592-ADE7-D45A49ACB2B5}.Debug|x64.Build.0 = Debug|Any CPU
		{06B21686-DE33-4592-ADE7-D45A49ACB2B5}.Debug|x86.ActiveCfg = Debug|Any CPU
		{06B21686-DE33-4592-ADE7-D45A49ACB2B5}.Debug|x86.Build.0 = Debug|Any CPU
		{06B21686-DE33-4592-ADE7-D45A49ACB2B5}.Droid Debug|Any CPU.ActiveCfg = Droid Debug|Any CPU
		{06B21686-DE33-4592-ADE7-D45A49ACB2B5}.Droid Debug|Any CPU.Build.0 = Droid Debug|Any CPU
		{06B21686-DE33-4592-ADE7-D45A49ACB2B5}.Droid Debug|ARM.ActiveCfg = Droid Debug|Any CPU
		{06B21686-DE33-4592-ADE7-D45A49ACB2B5}.Droid Debug|ARM.Build.0 = Droid Debug|Any CPU
		{06B21686-DE33-4592-ADE7-D45A49ACB2B5}.Droid Debug|iPhone.ActiveCfg = Droid Debug|Any CPU
		{06B21686-DE33-4592-ADE7-D45A49ACB2B5}.Droid Debug|iPhone.Build.0 = Droid Debug|Any CPU
		{06B21686-DE33-4592-ADE7-D45A49ACB2B5}.Droid Debug|iPhoneSimulator.ActiveCfg = Droid Debug|Any CPU
		{06B21686-DE33-4592-ADE7-D45A49ACB2B5}.Droid Debug|iPhoneSimulator.Build.0 = Droid Debug|Any CPU
		{06B21686-DE33-4592-ADE7-D45A49ACB2B5}.Droid Debug|x64.ActiveCfg = Droid Debug|Any CPU
		{06B21686-DE33-4592-ADE7-D45A49ACB2B5}.Droid Debug|x64.Build.0 = Droid Debug|Any CPU
		{06B21686-DE33-4592-ADE7-D45A49ACB2B5}.Droid Debug|x86.ActiveCfg = Droid Debug|Any CPU
		{06B21686-DE33-4592-ADE7-D45A49ACB2B5}.Droid Debug|x86.Build.0 = Droid Debug|Any CPU
		{06B21686-DE33-4592-ADE7-D45A49ACB2B5}.Release|Any CPU.ActiveCfg = Release|Any CPU
		{06B21686-DE33-4592-ADE7-D45A49ACB2B5}.Release|Any CPU.Build.0 = Release|Any CPU
		{06B21686-DE33-4592-ADE7-D45A49ACB2B5}.Release|ARM.ActiveCfg = Release|Any CPU
		{06B21686-DE33-4592-ADE7-D45A49ACB2B5}.Release|ARM.Build.0 = Release|Any CPU
		{06B21686-DE33-4592-ADE7-D45A49ACB2B5}.Release|iPhone.ActiveCfg = Release|Any CPU
		{06B21686-DE33-4592-ADE7-D45A49ACB2B5}.Release|iPhone.Build.0 = Release|Any CPU
		{06B21686-DE33-4592-ADE7-D45A49ACB2B5}.Release|iPhoneSimulator.ActiveCfg = Release|Any CPU
		{06B21686-DE33-4592-ADE7-D45A49ACB2B5}.Release|iPhoneSimulator.Build.0 = Release|Any CPU
		{06B21686-DE33-4592-ADE7-D45A49ACB2B5}.Release|x64.ActiveCfg = Release|Any CPU
		{06B21686-DE33-4592-ADE7-D45A49ACB2B5}.Release|x64.Build.0 = Release|Any CPU
		{06B21686-DE33-4592-ADE7-D45A49ACB2B5}.Release|x86.ActiveCfg = Release|Any CPU
		{06B21686-DE33-4592-ADE7-D45A49ACB2B5}.Release|x86.Build.0 = Release|Any CPU
		{06B21686-DE33-4592-ADE7-D45A49ACB2B5}.UWP Debug|Any CPU.ActiveCfg = UWP Debug|Any CPU
		{06B21686-DE33-4592-ADE7-D45A49ACB2B5}.UWP Debug|Any CPU.Build.0 = UWP Debug|Any CPU
		{06B21686-DE33-4592-ADE7-D45A49ACB2B5}.UWP Debug|ARM.ActiveCfg = UWP Debug|Any CPU
		{06B21686-DE33-4592-ADE7-D45A49ACB2B5}.UWP Debug|ARM.Build.0 = UWP Debug|Any CPU
		{06B21686-DE33-4592-ADE7-D45A49ACB2B5}.UWP Debug|iPhone.ActiveCfg = UWP Debug|Any CPU
		{06B21686-DE33-4592-ADE7-D45A49ACB2B5}.UWP Debug|iPhone.Build.0 = UWP Debug|Any CPU
		{06B21686-DE33-4592-ADE7-D45A49ACB2B5}.UWP Debug|iPhoneSimulator.ActiveCfg = UWP Debug|Any CPU
		{06B21686-DE33-4592-ADE7-D45A49ACB2B5}.UWP Debug|iPhoneSimulator.Build.0 = UWP Debug|Any CPU
		{06B21686-DE33-4592-ADE7-D45A49ACB2B5}.UWP Debug|x64.ActiveCfg = UWP Debug|Any CPU
		{06B21686-DE33-4592-ADE7-D45A49ACB2B5}.UWP Debug|x64.Build.0 = UWP Debug|Any CPU
		{06B21686-DE33-4592-ADE7-D45A49ACB2B5}.UWP Debug|x86.ActiveCfg = UWP Debug|Any CPU
		{06B21686-DE33-4592-ADE7-D45A49ACB2B5}.UWP Debug|x86.Build.0 = UWP Debug|Any CPU
		{6F4519B4-702D-4CAE-8344-B6C1292C13EF}.Ad-Hoc|Any CPU.ActiveCfg = Release|Any CPU
		{6F4519B4-702D-4CAE-8344-B6C1292C13EF}.Ad-Hoc|Any CPU.Build.0 = Release|Any CPU
		{6F4519B4-702D-4CAE-8344-B6C1292C13EF}.Ad-Hoc|Any CPU.Deploy.0 = Release|Any CPU
		{6F4519B4-702D-4CAE-8344-B6C1292C13EF}.Ad-Hoc|ARM.ActiveCfg = Release|Any CPU
		{6F4519B4-702D-4CAE-8344-B6C1292C13EF}.Ad-Hoc|ARM.Build.0 = Release|Any CPU
		{6F4519B4-702D-4CAE-8344-B6C1292C13EF}.Ad-Hoc|ARM.Deploy.0 = Release|Any CPU
		{6F4519B4-702D-4CAE-8344-B6C1292C13EF}.Ad-Hoc|iPhone.ActiveCfg = Release|Any CPU
		{6F4519B4-702D-4CAE-8344-B6C1292C13EF}.Ad-Hoc|iPhone.Build.0 = Release|Any CPU
		{6F4519B4-702D-4CAE-8344-B6C1292C13EF}.Ad-Hoc|iPhone.Deploy.0 = Release|Any CPU
		{6F4519B4-702D-4CAE-8344-B6C1292C13EF}.Ad-Hoc|iPhoneSimulator.ActiveCfg = Release|Any CPU
		{6F4519B4-702D-4CAE-8344-B6C1292C13EF}.Ad-Hoc|iPhoneSimulator.Build.0 = Release|Any CPU
		{6F4519B4-702D-4CAE-8344-B6C1292C13EF}.Ad-Hoc|iPhoneSimulator.Deploy.0 = Release|Any CPU
		{6F4519B4-702D-4CAE-8344-B6C1292C13EF}.Ad-Hoc|x64.ActiveCfg = Release|Any CPU
		{6F4519B4-702D-4CAE-8344-B6C1292C13EF}.Ad-Hoc|x64.Build.0 = Release|Any CPU
		{6F4519B4-702D-4CAE-8344-B6C1292C13EF}.Ad-Hoc|x64.Deploy.0 = Release|Any CPU
		{6F4519B4-702D-4CAE-8344-B6C1292C13EF}.Ad-Hoc|x86.ActiveCfg = Release|Any CPU
		{6F4519B4-702D-4CAE-8344-B6C1292C13EF}.Ad-Hoc|x86.Build.0 = Release|Any CPU
		{6F4519B4-702D-4CAE-8344-B6C1292C13EF}.Ad-Hoc|x86.Deploy.0 = Release|Any CPU
		{6F4519B4-702D-4CAE-8344-B6C1292C13EF}.AppStore|Any CPU.ActiveCfg = Release|Any CPU
		{6F4519B4-702D-4CAE-8344-B6C1292C13EF}.AppStore|Any CPU.Build.0 = Release|Any CPU
		{6F4519B4-702D-4CAE-8344-B6C1292C13EF}.AppStore|Any CPU.Deploy.0 = Release|Any CPU
		{6F4519B4-702D-4CAE-8344-B6C1292C13EF}.AppStore|ARM.ActiveCfg = Release|Any CPU
		{6F4519B4-702D-4CAE-8344-B6C1292C13EF}.AppStore|ARM.Build.0 = Release|Any CPU
		{6F4519B4-702D-4CAE-8344-B6C1292C13EF}.AppStore|ARM.Deploy.0 = Release|Any CPU
		{6F4519B4-702D-4CAE-8344-B6C1292C13EF}.AppStore|iPhone.ActiveCfg = Release|Any CPU
		{6F4519B4-702D-4CAE-8344-B6C1292C13EF}.AppStore|iPhone.Build.0 = Release|Any CPU
		{6F4519B4-702D-4CAE-8344-B6C1292C13EF}.AppStore|iPhone.Deploy.0 = Release|Any CPU
		{6F4519B4-702D-4CAE-8344-B6C1292C13EF}.AppStore|iPhoneSimulator.ActiveCfg = Release|Any CPU
		{6F4519B4-702D-4CAE-8344-B6C1292C13EF}.AppStore|iPhoneSimulator.Build.0 = Release|Any CPU
		{6F4519B4-702D-4CAE-8344-B6C1292C13EF}.AppStore|iPhoneSimulator.Deploy.0 = Release|Any CPU
		{6F4519B4-702D-4CAE-8344-B6C1292C13EF}.AppStore|x64.ActiveCfg = Release|Any CPU
		{6F4519B4-702D-4CAE-8344-B6C1292C13EF}.AppStore|x64.Build.0 = Release|Any CPU
		{6F4519B4-702D-4CAE-8344-B6C1292C13EF}.AppStore|x64.Deploy.0 = Release|Any CPU
		{6F4519B4-702D-4CAE-8344-B6C1292C13EF}.AppStore|x86.ActiveCfg = Release|Any CPU
		{6F4519B4-702D-4CAE-8344-B6C1292C13EF}.AppStore|x86.Build.0 = Release|Any CPU
		{6F4519B4-702D-4CAE-8344-B6C1292C13EF}.AppStore|x86.Deploy.0 = Release|Any CPU
		{6F4519B4-702D-4CAE-8344-B6C1292C13EF}.Debug|Any CPU.ActiveCfg = Debug|Any CPU
		{6F4519B4-702D-4CAE-8344-B6C1292C13EF}.Debug|Any CPU.Build.0 = Debug|Any CPU
		{6F4519B4-702D-4CAE-8344-B6C1292C13EF}.Debug|Any CPU.Deploy.0 = Debug|Any CPU
		{6F4519B4-702D-4CAE-8344-B6C1292C13EF}.Debug|ARM.ActiveCfg = Debug|Any CPU
		{6F4519B4-702D-4CAE-8344-B6C1292C13EF}.Debug|ARM.Build.0 = Debug|Any CPU
		{6F4519B4-702D-4CAE-8344-B6C1292C13EF}.Debug|ARM.Deploy.0 = Debug|Any CPU
		{6F4519B4-702D-4CAE-8344-B6C1292C13EF}.Debug|iPhone.ActiveCfg = Debug|Any CPU
		{6F4519B4-702D-4CAE-8344-B6C1292C13EF}.Debug|iPhone.Build.0 = Debug|Any CPU
		{6F4519B4-702D-4CAE-8344-B6C1292C13EF}.Debug|iPhone.Deploy.0 = Debug|Any CPU
		{6F4519B4-702D-4CAE-8344-B6C1292C13EF}.Debug|iPhoneSimulator.ActiveCfg = Debug|Any CPU
		{6F4519B4-702D-4CAE-8344-B6C1292C13EF}.Debug|iPhoneSimulator.Build.0 = Debug|Any CPU
		{6F4519B4-702D-4CAE-8344-B6C1292C13EF}.Debug|iPhoneSimulator.Deploy.0 = Debug|Any CPU
		{6F4519B4-702D-4CAE-8344-B6C1292C13EF}.Debug|x64.ActiveCfg = Debug|Any CPU
		{6F4519B4-702D-4CAE-8344-B6C1292C13EF}.Debug|x64.Build.0 = Debug|Any CPU
		{6F4519B4-702D-4CAE-8344-B6C1292C13EF}.Debug|x64.Deploy.0 = Debug|Any CPU
		{6F4519B4-702D-4CAE-8344-B6C1292C13EF}.Debug|x86.ActiveCfg = Debug|Any CPU
		{6F4519B4-702D-4CAE-8344-B6C1292C13EF}.Debug|x86.Build.0 = Debug|Any CPU
		{6F4519B4-702D-4CAE-8344-B6C1292C13EF}.Debug|x86.Deploy.0 = Debug|Any CPU
		{6F4519B4-702D-4CAE-8344-B6C1292C13EF}.Droid Debug|Any CPU.ActiveCfg = Droid Debug|Any CPU
		{6F4519B4-702D-4CAE-8344-B6C1292C13EF}.Droid Debug|Any CPU.Build.0 = Droid Debug|Any CPU
		{6F4519B4-702D-4CAE-8344-B6C1292C13EF}.Droid Debug|Any CPU.Deploy.0 = Droid Debug|Any CPU
		{6F4519B4-702D-4CAE-8344-B6C1292C13EF}.Droid Debug|ARM.ActiveCfg = Droid Debug|Any CPU
		{6F4519B4-702D-4CAE-8344-B6C1292C13EF}.Droid Debug|ARM.Build.0 = Droid Debug|Any CPU
		{6F4519B4-702D-4CAE-8344-B6C1292C13EF}.Droid Debug|ARM.Deploy.0 = Droid Debug|Any CPU
		{6F4519B4-702D-4CAE-8344-B6C1292C13EF}.Droid Debug|iPhone.ActiveCfg = Droid Debug|Any CPU
		{6F4519B4-702D-4CAE-8344-B6C1292C13EF}.Droid Debug|iPhone.Build.0 = Droid Debug|Any CPU
		{6F4519B4-702D-4CAE-8344-B6C1292C13EF}.Droid Debug|iPhone.Deploy.0 = Droid Debug|Any CPU
		{6F4519B4-702D-4CAE-8344-B6C1292C13EF}.Droid Debug|iPhoneSimulator.ActiveCfg = Droid Debug|Any CPU
		{6F4519B4-702D-4CAE-8344-B6C1292C13EF}.Droid Debug|iPhoneSimulator.Build.0 = Droid Debug|Any CPU
		{6F4519B4-702D-4CAE-8344-B6C1292C13EF}.Droid Debug|iPhoneSimulator.Deploy.0 = Droid Debug|Any CPU
		{6F4519B4-702D-4CAE-8344-B6C1292C13EF}.Droid Debug|x64.ActiveCfg = Droid Debug|Any CPU
		{6F4519B4-702D-4CAE-8344-B6C1292C13EF}.Droid Debug|x64.Build.0 = Droid Debug|Any CPU
		{6F4519B4-702D-4CAE-8344-B6C1292C13EF}.Droid Debug|x64.Deploy.0 = Droid Debug|Any CPU
		{6F4519B4-702D-4CAE-8344-B6C1292C13EF}.Droid Debug|x86.ActiveCfg = Droid Debug|Any CPU
		{6F4519B4-702D-4CAE-8344-B6C1292C13EF}.Droid Debug|x86.Build.0 = Droid Debug|Any CPU
		{6F4519B4-702D-4CAE-8344-B6C1292C13EF}.Droid Debug|x86.Deploy.0 = Droid Debug|Any CPU
		{6F4519B4-702D-4CAE-8344-B6C1292C13EF}.Release|Any CPU.ActiveCfg = Release|Any CPU
		{6F4519B4-702D-4CAE-8344-B6C1292C13EF}.Release|Any CPU.Build.0 = Release|Any CPU
		{6F4519B4-702D-4CAE-8344-B6C1292C13EF}.Release|Any CPU.Deploy.0 = Release|Any CPU
		{6F4519B4-702D-4CAE-8344-B6C1292C13EF}.Release|ARM.ActiveCfg = Release|Any CPU
		{6F4519B4-702D-4CAE-8344-B6C1292C13EF}.Release|ARM.Build.0 = Release|Any CPU
		{6F4519B4-702D-4CAE-8344-B6C1292C13EF}.Release|ARM.Deploy.0 = Release|Any CPU
		{6F4519B4-702D-4CAE-8344-B6C1292C13EF}.Release|iPhone.ActiveCfg = Release|Any CPU
		{6F4519B4-702D-4CAE-8344-B6C1292C13EF}.Release|iPhone.Build.0 = Release|Any CPU
		{6F4519B4-702D-4CAE-8344-B6C1292C13EF}.Release|iPhone.Deploy.0 = Release|Any CPU
		{6F4519B4-702D-4CAE-8344-B6C1292C13EF}.Release|iPhoneSimulator.ActiveCfg = Release|Any CPU
		{6F4519B4-702D-4CAE-8344-B6C1292C13EF}.Release|iPhoneSimulator.Build.0 = Release|Any CPU
		{6F4519B4-702D-4CAE-8344-B6C1292C13EF}.Release|iPhoneSimulator.Deploy.0 = Release|Any CPU
		{6F4519B4-702D-4CAE-8344-B6C1292C13EF}.Release|x64.ActiveCfg = Release|Any CPU
		{6F4519B4-702D-4CAE-8344-B6C1292C13EF}.Release|x64.Build.0 = Release|Any CPU
		{6F4519B4-702D-4CAE-8344-B6C1292C13EF}.Release|x64.Deploy.0 = Release|Any CPU
		{6F4519B4-702D-4CAE-8344-B6C1292C13EF}.Release|x86.ActiveCfg = Release|Any CPU
		{6F4519B4-702D-4CAE-8344-B6C1292C13EF}.Release|x86.Build.0 = Release|Any CPU
		{6F4519B4-702D-4CAE-8344-B6C1292C13EF}.Release|x86.Deploy.0 = Release|Any CPU
		{6F4519B4-702D-4CAE-8344-B6C1292C13EF}.UWP Debug|Any CPU.ActiveCfg = UWP Debug|Any CPU
		{6F4519B4-702D-4CAE-8344-B6C1292C13EF}.UWP Debug|ARM.ActiveCfg = UWP Debug|Any CPU
		{6F4519B4-702D-4CAE-8344-B6C1292C13EF}.UWP Debug|ARM.Build.0 = UWP Debug|Any CPU
		{6F4519B4-702D-4CAE-8344-B6C1292C13EF}.UWP Debug|ARM.Deploy.0 = UWP Debug|Any CPU
		{6F4519B4-702D-4CAE-8344-B6C1292C13EF}.UWP Debug|iPhone.ActiveCfg = UWP Debug|Any CPU
		{6F4519B4-702D-4CAE-8344-B6C1292C13EF}.UWP Debug|iPhone.Build.0 = UWP Debug|Any CPU
		{6F4519B4-702D-4CAE-8344-B6C1292C13EF}.UWP Debug|iPhone.Deploy.0 = UWP Debug|Any CPU
		{6F4519B4-702D-4CAE-8344-B6C1292C13EF}.UWP Debug|iPhoneSimulator.ActiveCfg = UWP Debug|Any CPU
		{6F4519B4-702D-4CAE-8344-B6C1292C13EF}.UWP Debug|iPhoneSimulator.Build.0 = UWP Debug|Any CPU
		{6F4519B4-702D-4CAE-8344-B6C1292C13EF}.UWP Debug|iPhoneSimulator.Deploy.0 = UWP Debug|Any CPU
		{6F4519B4-702D-4CAE-8344-B6C1292C13EF}.UWP Debug|x64.ActiveCfg = UWP Debug|Any CPU
		{6F4519B4-702D-4CAE-8344-B6C1292C13EF}.UWP Debug|x64.Build.0 = UWP Debug|Any CPU
		{6F4519B4-702D-4CAE-8344-B6C1292C13EF}.UWP Debug|x64.Deploy.0 = UWP Debug|Any CPU
		{6F4519B4-702D-4CAE-8344-B6C1292C13EF}.UWP Debug|x86.ActiveCfg = UWP Debug|Any CPU
		{6F4519B4-702D-4CAE-8344-B6C1292C13EF}.UWP Debug|x86.Build.0 = UWP Debug|Any CPU
		{6F4519B4-702D-4CAE-8344-B6C1292C13EF}.UWP Debug|x86.Deploy.0 = UWP Debug|Any CPU
		{C90D6278-EFD8-45AA-9080-35C0A6390C9B}.Ad-Hoc|Any CPU.ActiveCfg = Ad-Hoc|iPhone
		{C90D6278-EFD8-45AA-9080-35C0A6390C9B}.Ad-Hoc|ARM.ActiveCfg = Ad-Hoc|iPhone
		{C90D6278-EFD8-45AA-9080-35C0A6390C9B}.Ad-Hoc|iPhone.ActiveCfg = Ad-Hoc|iPhone
		{C90D6278-EFD8-45AA-9080-35C0A6390C9B}.Ad-Hoc|iPhone.Build.0 = Ad-Hoc|iPhone
		{C90D6278-EFD8-45AA-9080-35C0A6390C9B}.Ad-Hoc|iPhoneSimulator.ActiveCfg = Ad-Hoc|iPhoneSimulator
		{C90D6278-EFD8-45AA-9080-35C0A6390C9B}.Ad-Hoc|iPhoneSimulator.Build.0 = Ad-Hoc|iPhoneSimulator
		{C90D6278-EFD8-45AA-9080-35C0A6390C9B}.Ad-Hoc|x64.ActiveCfg = Ad-Hoc|iPhone
		{C90D6278-EFD8-45AA-9080-35C0A6390C9B}.Ad-Hoc|x86.ActiveCfg = Ad-Hoc|iPhone
		{C90D6278-EFD8-45AA-9080-35C0A6390C9B}.AppStore|Any CPU.ActiveCfg = AppStore|iPhone
		{C90D6278-EFD8-45AA-9080-35C0A6390C9B}.AppStore|ARM.ActiveCfg = AppStore|iPhone
		{C90D6278-EFD8-45AA-9080-35C0A6390C9B}.AppStore|iPhone.ActiveCfg = AppStore|iPhone
		{C90D6278-EFD8-45AA-9080-35C0A6390C9B}.AppStore|iPhone.Build.0 = AppStore|iPhone
		{C90D6278-EFD8-45AA-9080-35C0A6390C9B}.AppStore|iPhoneSimulator.ActiveCfg = AppStore|iPhoneSimulator
		{C90D6278-EFD8-45AA-9080-35C0A6390C9B}.AppStore|iPhoneSimulator.Build.0 = AppStore|iPhoneSimulator
		{C90D6278-EFD8-45AA-9080-35C0A6390C9B}.AppStore|x64.ActiveCfg = AppStore|iPhone
		{C90D6278-EFD8-45AA-9080-35C0A6390C9B}.AppStore|x86.ActiveCfg = AppStore|iPhone
		{C90D6278-EFD8-45AA-9080-35C0A6390C9B}.Debug|Any CPU.ActiveCfg = Debug|iPhone
		{C90D6278-EFD8-45AA-9080-35C0A6390C9B}.Debug|ARM.ActiveCfg = Debug|iPhone
		{C90D6278-EFD8-45AA-9080-35C0A6390C9B}.Debug|iPhone.ActiveCfg = Debug|iPhone
		{C90D6278-EFD8-45AA-9080-35C0A6390C9B}.Debug|iPhone.Build.0 = Debug|iPhone
		{C90D6278-EFD8-45AA-9080-35C0A6390C9B}.Debug|iPhoneSimulator.ActiveCfg = Debug|iPhoneSimulator
		{C90D6278-EFD8-45AA-9080-35C0A6390C9B}.Debug|iPhoneSimulator.Build.0 = Debug|iPhoneSimulator
		{C90D6278-EFD8-45AA-9080-35C0A6390C9B}.Debug|x64.ActiveCfg = Debug|iPhone
		{C90D6278-EFD8-45AA-9080-35C0A6390C9B}.Debug|x86.ActiveCfg = Debug|iPhone
		{C90D6278-EFD8-45AA-9080-35C0A6390C9B}.Debug|x86.Build.0 = Debug|iPhone
		{C90D6278-EFD8-45AA-9080-35C0A6390C9B}.Droid Debug|Any CPU.ActiveCfg = Droid Debug|iPhone
		{C90D6278-EFD8-45AA-9080-35C0A6390C9B}.Droid Debug|ARM.ActiveCfg = Droid Debug|iPhone
		{C90D6278-EFD8-45AA-9080-35C0A6390C9B}.Droid Debug|iPhone.ActiveCfg = Droid Debug|iPhone
		{C90D6278-EFD8-45AA-9080-35C0A6390C9B}.Droid Debug|iPhoneSimulator.ActiveCfg = Droid Debug|iPhoneSimulator
		{C90D6278-EFD8-45AA-9080-35C0A6390C9B}.Droid Debug|x64.ActiveCfg = Droid Debug|iPhone
		{C90D6278-EFD8-45AA-9080-35C0A6390C9B}.Droid Debug|x86.ActiveCfg = Droid Debug|iPhone
		{C90D6278-EFD8-45AA-9080-35C0A6390C9B}.Release|Any CPU.ActiveCfg = Release|iPhone
		{C90D6278-EFD8-45AA-9080-35C0A6390C9B}.Release|ARM.ActiveCfg = Release|iPhone
		{C90D6278-EFD8-45AA-9080-35C0A6390C9B}.Release|iPhone.ActiveCfg = Release|iPhone
		{C90D6278-EFD8-45AA-9080-35C0A6390C9B}.Release|iPhone.Build.0 = Release|iPhone
		{C90D6278-EFD8-45AA-9080-35C0A6390C9B}.Release|iPhoneSimulator.ActiveCfg = Release|iPhoneSimulator
		{C90D6278-EFD8-45AA-9080-35C0A6390C9B}.Release|iPhoneSimulator.Build.0 = Release|iPhoneSimulator
		{C90D6278-EFD8-45AA-9080-35C0A6390C9B}.Release|x64.ActiveCfg = Release|iPhone
		{C90D6278-EFD8-45AA-9080-35C0A6390C9B}.Release|x86.ActiveCfg = Release|iPhone
		{C90D6278-EFD8-45AA-9080-35C0A6390C9B}.UWP Debug|Any CPU.ActiveCfg = UWP Debug|iPhone
		{C90D6278-EFD8-45AA-9080-35C0A6390C9B}.UWP Debug|ARM.ActiveCfg = UWP Debug|iPhone
		{C90D6278-EFD8-45AA-9080-35C0A6390C9B}.UWP Debug|iPhone.ActiveCfg = UWP Debug|iPhone
		{C90D6278-EFD8-45AA-9080-35C0A6390C9B}.UWP Debug|iPhoneSimulator.ActiveCfg = UWP Debug|iPhoneSimulator
		{C90D6278-EFD8-45AA-9080-35C0A6390C9B}.UWP Debug|x64.ActiveCfg = UWP Debug|iPhone
		{C90D6278-EFD8-45AA-9080-35C0A6390C9B}.UWP Debug|x86.ActiveCfg = UWP Debug|iPhone
		{CD95AF6A-83D3-4BDE-BA44-7CA76357359F}.Ad-Hoc|Any CPU.ActiveCfg = Release|x86
		{CD95AF6A-83D3-4BDE-BA44-7CA76357359F}.Ad-Hoc|Any CPU.Build.0 = Release|x86
		{CD95AF6A-83D3-4BDE-BA44-7CA76357359F}.Ad-Hoc|Any CPU.Deploy.0 = Release|x86
		{CD95AF6A-83D3-4BDE-BA44-7CA76357359F}.Ad-Hoc|ARM.ActiveCfg = Release|ARM
		{CD95AF6A-83D3-4BDE-BA44-7CA76357359F}.Ad-Hoc|ARM.Build.0 = Release|ARM
		{CD95AF6A-83D3-4BDE-BA44-7CA76357359F}.Ad-Hoc|ARM.Deploy.0 = Release|ARM
		{CD95AF6A-83D3-4BDE-BA44-7CA76357359F}.Ad-Hoc|iPhone.ActiveCfg = Release|x86
		{CD95AF6A-83D3-4BDE-BA44-7CA76357359F}.Ad-Hoc|iPhone.Build.0 = Release|x86
		{CD95AF6A-83D3-4BDE-BA44-7CA76357359F}.Ad-Hoc|iPhone.Deploy.0 = Release|x86
		{CD95AF6A-83D3-4BDE-BA44-7CA76357359F}.Ad-Hoc|iPhoneSimulator.ActiveCfg = Release|x86
		{CD95AF6A-83D3-4BDE-BA44-7CA76357359F}.Ad-Hoc|iPhoneSimulator.Build.0 = Release|x86
		{CD95AF6A-83D3-4BDE-BA44-7CA76357359F}.Ad-Hoc|iPhoneSimulator.Deploy.0 = Release|x86
		{CD95AF6A-83D3-4BDE-BA44-7CA76357359F}.Ad-Hoc|x64.ActiveCfg = Release|x64
		{CD95AF6A-83D3-4BDE-BA44-7CA76357359F}.Ad-Hoc|x64.Build.0 = Release|x64
		{CD95AF6A-83D3-4BDE-BA44-7CA76357359F}.Ad-Hoc|x64.Deploy.0 = Release|x64
		{CD95AF6A-83D3-4BDE-BA44-7CA76357359F}.Ad-Hoc|x86.ActiveCfg = Release|x86
		{CD95AF6A-83D3-4BDE-BA44-7CA76357359F}.Ad-Hoc|x86.Build.0 = Release|x86
		{CD95AF6A-83D3-4BDE-BA44-7CA76357359F}.Ad-Hoc|x86.Deploy.0 = Release|x86
		{CD95AF6A-83D3-4BDE-BA44-7CA76357359F}.AppStore|Any CPU.ActiveCfg = Release|x86
		{CD95AF6A-83D3-4BDE-BA44-7CA76357359F}.AppStore|Any CPU.Build.0 = Release|x86
		{CD95AF6A-83D3-4BDE-BA44-7CA76357359F}.AppStore|Any CPU.Deploy.0 = Release|x86
		{CD95AF6A-83D3-4BDE-BA44-7CA76357359F}.AppStore|ARM.ActiveCfg = Release|ARM
		{CD95AF6A-83D3-4BDE-BA44-7CA76357359F}.AppStore|ARM.Build.0 = Release|ARM
		{CD95AF6A-83D3-4BDE-BA44-7CA76357359F}.AppStore|ARM.Deploy.0 = Release|ARM
		{CD95AF6A-83D3-4BDE-BA44-7CA76357359F}.AppStore|iPhone.ActiveCfg = Release|x86
		{CD95AF6A-83D3-4BDE-BA44-7CA76357359F}.AppStore|iPhone.Build.0 = Release|x86
		{CD95AF6A-83D3-4BDE-BA44-7CA76357359F}.AppStore|iPhone.Deploy.0 = Release|x86
		{CD95AF6A-83D3-4BDE-BA44-7CA76357359F}.AppStore|iPhoneSimulator.ActiveCfg = Release|x86
		{CD95AF6A-83D3-4BDE-BA44-7CA76357359F}.AppStore|iPhoneSimulator.Build.0 = Release|x86
		{CD95AF6A-83D3-4BDE-BA44-7CA76357359F}.AppStore|iPhoneSimulator.Deploy.0 = Release|x86
		{CD95AF6A-83D3-4BDE-BA44-7CA76357359F}.AppStore|x64.ActiveCfg = Release|x64
		{CD95AF6A-83D3-4BDE-BA44-7CA76357359F}.AppStore|x64.Build.0 = Release|x64
		{CD95AF6A-83D3-4BDE-BA44-7CA76357359F}.AppStore|x64.Deploy.0 = Release|x64
		{CD95AF6A-83D3-4BDE-BA44-7CA76357359F}.AppStore|x86.ActiveCfg = Release|x86
		{CD95AF6A-83D3-4BDE-BA44-7CA76357359F}.AppStore|x86.Build.0 = Release|x86
		{CD95AF6A-83D3-4BDE-BA44-7CA76357359F}.AppStore|x86.Deploy.0 = Release|x86
		{CD95AF6A-83D3-4BDE-BA44-7CA76357359F}.Debug|Any CPU.ActiveCfg = Debug|x86
		{CD95AF6A-83D3-4BDE-BA44-7CA76357359F}.Debug|Any CPU.Build.0 = Debug|x86
		{CD95AF6A-83D3-4BDE-BA44-7CA76357359F}.Debug|Any CPU.Deploy.0 = Debug|x86
		{CD95AF6A-83D3-4BDE-BA44-7CA76357359F}.Debug|ARM.ActiveCfg = Debug|ARM
		{CD95AF6A-83D3-4BDE-BA44-7CA76357359F}.Debug|ARM.Build.0 = Debug|ARM
		{CD95AF6A-83D3-4BDE-BA44-7CA76357359F}.Debug|ARM.Deploy.0 = Debug|ARM
		{CD95AF6A-83D3-4BDE-BA44-7CA76357359F}.Debug|iPhone.ActiveCfg = Debug|x86
		{CD95AF6A-83D3-4BDE-BA44-7CA76357359F}.Debug|iPhoneSimulator.ActiveCfg = Debug|x86
		{CD95AF6A-83D3-4BDE-BA44-7CA76357359F}.Debug|iPhoneSimulator.Build.0 = Debug|x86
		{CD95AF6A-83D3-4BDE-BA44-7CA76357359F}.Debug|iPhoneSimulator.Deploy.0 = Debug|x86
		{CD95AF6A-83D3-4BDE-BA44-7CA76357359F}.Debug|x64.ActiveCfg = Debug|x86
		{CD95AF6A-83D3-4BDE-BA44-7CA76357359F}.Debug|x64.Build.0 = Debug|x86
		{CD95AF6A-83D3-4BDE-BA44-7CA76357359F}.Debug|x64.Deploy.0 = Debug|x86
		{CD95AF6A-83D3-4BDE-BA44-7CA76357359F}.Debug|x86.ActiveCfg = Debug|x86
		{CD95AF6A-83D3-4BDE-BA44-7CA76357359F}.Debug|x86.Build.0 = Debug|x86
		{CD95AF6A-83D3-4BDE-BA44-7CA76357359F}.Debug|x86.Deploy.0 = Debug|x86
		{CD95AF6A-83D3-4BDE-BA44-7CA76357359F}.Droid Debug|Any CPU.ActiveCfg = Droid Debug|x86
		{CD95AF6A-83D3-4BDE-BA44-7CA76357359F}.Droid Debug|ARM.ActiveCfg = Droid Debug|ARM
		{CD95AF6A-83D3-4BDE-BA44-7CA76357359F}.Droid Debug|ARM.Build.0 = Droid Debug|ARM
		{CD95AF6A-83D3-4BDE-BA44-7CA76357359F}.Droid Debug|ARM.Deploy.0 = Droid Debug|ARM
		{CD95AF6A-83D3-4BDE-BA44-7CA76357359F}.Droid Debug|iPhone.ActiveCfg = Droid Debug|x86
		{CD95AF6A-83D3-4BDE-BA44-7CA76357359F}.Droid Debug|iPhoneSimulator.ActiveCfg = Droid Debug|x86
		{CD95AF6A-83D3-4BDE-BA44-7CA76357359F}.Droid Debug|x64.ActiveCfg = Droid Debug|x64
		{CD95AF6A-83D3-4BDE-BA44-7CA76357359F}.Droid Debug|x64.Build.0 = Droid Debug|x64
		{CD95AF6A-83D3-4BDE-BA44-7CA76357359F}.Droid Debug|x64.Deploy.0 = Droid Debug|x64
		{CD95AF6A-83D3-4BDE-BA44-7CA76357359F}.Droid Debug|x86.ActiveCfg = Droid Debug|x86
		{CD95AF6A-83D3-4BDE-BA44-7CA76357359F}.Droid Debug|x86.Build.0 = Droid Debug|x86
		{CD95AF6A-83D3-4BDE-BA44-7CA76357359F}.Droid Debug|x86.Deploy.0 = Droid Debug|x86
		{CD95AF6A-83D3-4BDE-BA44-7CA76357359F}.Release|Any CPU.ActiveCfg = Release|x86
		{CD95AF6A-83D3-4BDE-BA44-7CA76357359F}.Release|ARM.ActiveCfg = Release|ARM
		{CD95AF6A-83D3-4BDE-BA44-7CA76357359F}.Release|ARM.Build.0 = Release|ARM
		{CD95AF6A-83D3-4BDE-BA44-7CA76357359F}.Release|ARM.Deploy.0 = Release|ARM
		{CD95AF6A-83D3-4BDE-BA44-7CA76357359F}.Release|iPhone.ActiveCfg = Release|x86
		{CD95AF6A-83D3-4BDE-BA44-7CA76357359F}.Release|iPhoneSimulator.ActiveCfg = Release|x86
		{CD95AF6A-83D3-4BDE-BA44-7CA76357359F}.Release|x64.ActiveCfg = Release|x64
		{CD95AF6A-83D3-4BDE-BA44-7CA76357359F}.Release|x64.Build.0 = Release|x64
		{CD95AF6A-83D3-4BDE-BA44-7CA76357359F}.Release|x64.Deploy.0 = Release|x64
		{CD95AF6A-83D3-4BDE-BA44-7CA76357359F}.Release|x86.ActiveCfg = Release|x86
		{CD95AF6A-83D3-4BDE-BA44-7CA76357359F}.Release|x86.Build.0 = Release|x86
		{CD95AF6A-83D3-4BDE-BA44-7CA76357359F}.Release|x86.Deploy.0 = Release|x86
		{CD95AF6A-83D3-4BDE-BA44-7CA76357359F}.UWP Debug|Any CPU.ActiveCfg = UWP Debug|x86
		{CD95AF6A-83D3-4BDE-BA44-7CA76357359F}.UWP Debug|Any CPU.Build.0 = UWP Debug|x86
		{CD95AF6A-83D3-4BDE-BA44-7CA76357359F}.UWP Debug|Any CPU.Deploy.0 = UWP Debug|x86
		{CD95AF6A-83D3-4BDE-BA44-7CA76357359F}.UWP Debug|ARM.ActiveCfg = UWP Debug|ARM
		{CD95AF6A-83D3-4BDE-BA44-7CA76357359F}.UWP Debug|ARM.Build.0 = UWP Debug|ARM
		{CD95AF6A-83D3-4BDE-BA44-7CA76357359F}.UWP Debug|ARM.Deploy.0 = UWP Debug|ARM
		{CD95AF6A-83D3-4BDE-BA44-7CA76357359F}.UWP Debug|iPhone.ActiveCfg = UWP Debug|x86
		{CD95AF6A-83D3-4BDE-BA44-7CA76357359F}.UWP Debug|iPhoneSimulator.ActiveCfg = UWP Debug|x86
		{CD95AF6A-83D3-4BDE-BA44-7CA76357359F}.UWP Debug|x64.ActiveCfg = UWP Debug|x64
		{CD95AF6A-83D3-4BDE-BA44-7CA76357359F}.UWP Debug|x64.Build.0 = UWP Debug|x64
		{CD95AF6A-83D3-4BDE-BA44-7CA76357359F}.UWP Debug|x64.Deploy.0 = UWP Debug|x64
		{CD95AF6A-83D3-4BDE-BA44-7CA76357359F}.UWP Debug|x86.ActiveCfg = UWP Debug|x86
		{CD95AF6A-83D3-4BDE-BA44-7CA76357359F}.UWP Debug|x86.Build.0 = UWP Debug|x86
		{CD95AF6A-83D3-4BDE-BA44-7CA76357359F}.UWP Debug|x86.Deploy.0 = UWP Debug|x86
	EndGlobalSection
	GlobalSection(SolutionProperties) = preSolution
		HideSolutionNode = FALSE
	EndGlobalSection
EndGlobal
